
Microsoft Visual Studio Solution File, Format Version 12.00
# Visual Studio Version 17
VisualStudioVersion = 17.0.32112.339
MinimumVisualStudioVersion = 10.0.40219.1
Project("{FAE04EC0-301F-11D3-BF4B-00C04F79EFBC}") = "Csharks.Server", "Csharks\Server\Csharks.Server.csproj", "{9302EF75-FBD6-4225-9849-B26707A6771F}"
EndProject
Project("{FAE04EC0-301F-11D3-BF4B-00C04F79EFBC}") = "Csharks.Client", "Csharks\Client\Csharks.Client.csproj", "{BFB2B4D3-E595-4E77-9289-5B955AC7934C}"
EndProject
Project("{FAE04EC0-301F-11D3-BF4B-00C04F79EFBC}") = "Csharks.Shared", "Csharks\Shared\Csharks.Shared.csproj", "{6FC49659-2955-49A2-BF79-18F866AA10AB}"
EndProject
Global
	GlobalSection(SolutionConfigurationPlatforms) = preSolution
		Debug|Any CPU = Debug|Any CPU
		Release|Any CPU = Release|Any CPU
	EndGlobalSection
	GlobalSection(ProjectConfigurationPlatforms) = postSolution
		{9302EF75-FBD6-4225-9849-B26707A6771F}.Debug|Any CPU.ActiveCfg = Debug|Any CPU
		{9302EF75-FBD6-4225-9849-B26707A6771F}.Debug|Any CPU.Build.0 = Debug|Any CPU
		{9302EF75-FBD6-4225-9849-B26707A6771F}.Release|Any CPU.ActiveCfg = Release|Any CPU
		{9302EF75-FBD6-4225-9849-B26707A6771F}.Release|Any CPU.Build.0 = Release|Any CPU
		{BFB2B4D3-E595-4E77-9289-5B955AC7934C}.Debug|Any CPU.ActiveCfg = Debug|Any CPU
		{BFB2B4D3-E595-4E77-9289-5B955AC7934C}.Debug|Any CPU.Build.0 = Debug|Any CPU
		{BFB2B4D3-E595-4E77-9289-5B955AC7934C}.Release|Any CPU.ActiveCfg = Release|Any CPU
		{BFB2B4D3-E595-4E77-9289-5B955AC7934C}.Release|Any CPU.Build.0 = Release|Any CPU
		{6FC49659-2955-49A2-BF79-18F866AA10AB}.Debug|Any CPU.ActiveCfg = Debug|Any CPU
		{6FC49659-2955-49A2-BF79-18F866AA10AB}.Debug|Any CPU.Build.0 = Debug|Any CPU
		{6FC49659-2955-49A2-BF79-18F866AA10AB}.Release|Any CPU.ActiveCfg = Release|Any CPU
		{6FC49659-2955-49A2-BF79-18F866AA10AB}.Release|Any CPU.Build.0 = Release|Any CPU
	EndGlobalSection
	GlobalSection(SolutionProperties) = preSolution
		HideSolutionNode = FALSE
	EndGlobalSection
	GlobalSection(ExtensibilityGlobals) = postSolution
		SolutionGuid = {40E4D4A6-8662-40CF-9B63-571D478BDE6C}
	EndGlobalSection
EndGlobal
